# This file is autogenerated, do not edit; changes may be undone by the next 'dep ensure'.


[[projects]]
  branch = "master"
  digest = "1:592569a314f98130ac3085243fdbe46f278d3e54c95ce9e0bde9c6b908db82c4"
  name = "github.com/0xAX/notificator"
  packages = ["."]
  pruneopts = "UT"
  revision = "88d57ee9043ba88d6a62e437fa15dda1ca0d2b59"

[[projects]]
  branch = "master"
  digest = "1:0e26aa1507d19d7ad0ab22435f4af6a286e069f7a9d308f2d7fa698e0c82acbd"
  name = "github.com/codegangsta/envy"
  packages = ["lib"]
  pruneopts = "UT"
  revision = "4b78388c8ce4fa412440ca4eaa654e2fdd752e49"

[[projects]]
  branch = "master"
  digest = "1:6b3e0f3315bbac85c76f75e696d4f15f20ecefc0279ccb6bf23eeb2ccb7eac15"
  name = "github.com/codegangsta/gin"
  packages = ["lib"]
  pruneopts = "UT"
  revision = "cafe2ce98974a3dcca6b92ce393a91a0b58b8133"

[[projects]]
  digest = "1:abeb38ade3f32a92943e5be54f55ed6d6e3b6602761d74b4aab4c9dd45c18abd"
  name = "github.com/fsnotify/fsnotify"
  packages = ["."]
  pruneopts = "UT"
  revision = "c2828203cd70a50dcccfb2761f8b1f8ceef9a8e9"
  version = "v1.4.7"

[[projects]]
  digest = "1:7efe48dea4db6b35dcc15e15394b627247e5b3fb814242de986b746ba8e0abf0"
  name = "github.com/mattn/go-shellwords"
  packages = ["."]
  pruneopts = "UT"
  revision = "02e3cf038dcea8290e44424da473dd12be796a8a"
  version = "v1.0.3"

[[projects]]
  branch = "master"
  digest = "1:76b5ca88193bf744f729c2fde12151b24364ffaca3fd092069d9ca2ea6e1f999"
  name = "golang.org/x/sys"
  packages = ["unix"]
  pruneopts = "UT"
  revision = "904bdc257025c7b3f43c19360ad3ab85783fad78"

[[projects]]
  digest = "1:b24d38b282bacf9791408a080f606370efa3d364e4b5fd9ba0f7b87786d3b679"
  name = "gopkg.in/urfave/cli.v1"
  packages = ["."]
  pruneopts = "UT"
  revision = "cfb38830724cc34fedffe9a2a29fb54fa9169cd1"
  version = "v1.20.0"

[solve-meta]
  analyzer-name = "dep"
  analyzer-version = 1
  input-imports = [
    "github.com/0xAX/notificator",
    "github.com/codegangsta/envy/lib",
    "github.com/codegangsta/gin/lib",
    "github.com/fsnotify/fsnotify",
    "github.com/mattn/go-shellwords",
    "gopkg.in/urfave/cli.v1",
  ]
  solver-name = "gps-cdcl"
  solver-version = 1
